
Microsoft Visual Studio Solution File, Format Version 12.00
# Visual Studio Version 17
VisualStudioVersion = 17.1.32228.430
MinimumVisualStudioVersion = 10.0.40219.1
Project("{9A19103F-16F7-4668-BE54-9A1E7A4F7556}") = "BDDLivingDoc", "BDDLivingDoc\BDDLivingDoc.csproj", "{4D6B11EB-4316-47A2-BAA2-899E0A4B699A}"
EndProject
Global
	GlobalSection(SolutionConfigurationPlatforms) = preSolution
		Debug|Any CPU = Debug|Any CPU
		Release|Any CPU = Release|Any CPU
	EndGlobalSection
	GlobalSection(ProjectConfigurationPlatforms) = postSolution
		{4D6B11EB-4316-47A2-BAA2-899E0A4B699A}.Debug|Any CPU.ActiveCfg = Debug|Any CPU
		{4D6B11EB-4316-47A2-BAA2-899E0A4B699A}.Debug|Any CPU.Build.0 = Debug|Any CPU
		{4D6B11EB-4316-47A2-BAA2-899E0A4B699A}.Release|Any CPU.ActiveCfg = Release|Any CPU
		{4D6B11EB-4316-47A2-BAA2-899E0A4B699A}.Release|Any CPU.Build.0 = Release|Any CPU
	EndGlobalSection
	GlobalSection(SolutionProperties) = preSolution
		HideSolutionNode = FALSE
	EndGlobalSection
	GlobalSection(ExtensibilityGlobals) = postSolution
		SolutionGuid = {F6D808C2-4503-4BE1-9C87-C94AF97C31F7}
	EndGlobalSection
EndGlobal
